
Microsoft Visual Studio Solution File, Format Version 12.00
# Visual Studio 15
VisualStudioVersion = 15.0.28307.421
MinimumVisualStudioVersion = 10.0.40219.1
Project("{9A19103F-16F7-4668-BE54-9A1E7A4F7556}") = "Portunus.Utils", "Portunus.Utils\Portunus.Utils.csproj", "{2131C8B0-0F5D-4A2F-B9AE-16B503DB99FC}"
EndProject
Project("{2150E333-8FDC-42A3-9474-1A3956D46DE8}") = "Portunus.Tests", "Portunus.Tests", "{48DE016F-1C8A-4901-AA1D-39043655D280}"
EndProject
Project("{9A19103F-16F7-4668-BE54-9A1E7A4F7556}") = "Portunus.SSO", "Portunus.SSO\Portunus.SSO.csproj", "{E079BF09-BC08-4E65-9429-99459E8AD4F6}"
EndProject
Project("{9A19103F-16F7-4668-BE54-9A1E7A4F7556}") = "Portunus.Web", "Portunus.Web\Portunus.Web.csproj", "{92831135-1815-42F5-A810-353590D0B9C4}"
EndProject
Project("{9A19103F-16F7-4668-BE54-9A1E7A4F7556}") = "Portunus.Crypto", "Portunus.Crypto\Portunus.Crypto.csproj", "{4F2464A8-1D7D-451A-AE59-BA58990ECF43}"
EndProject
Project("{9A19103F-16F7-4668-BE54-9A1E7A4F7556}") = "Portunus.TokenProvider", "Portunus.TokenProvider\Portunus.TokenProvider.csproj", "{50C99279-5F12-484C-9E93-13EDBF124BB2}"
EndProject
Project("{9A19103F-16F7-4668-BE54-9A1E7A4F7556}") = "Portunus.Tests.Crypto", "Portunus.Tests\Portunus.Tests.Crypto\Portunus.Tests.Crypto.csproj", "{679CC90F-8FE1-4B71-A22C-4E8318A7CF31}"
EndProject
Project("{9A19103F-16F7-4668-BE54-9A1E7A4F7556}") = "Portunus.Tests.TokenProvider", "Portunus.Tests\Portunus.Tests.TokenProvider\Portunus.Tests.TokenProvider.csproj", "{423352B9-CB30-4E8E-8315-343343ADC19E}"
EndProject
Project("{9A19103F-16F7-4668-BE54-9A1E7A4F7556}") = "Portunus.Tests.SSO", "Portunus.Tests\Portunus.Tests.SSO\Portunus.Tests.SSO.csproj", "{C64E71AD-744F-410D-9CA5-1DE95262B8E5}"
EndProject
Project("{9A19103F-16F7-4668-BE54-9A1E7A4F7556}") = "Portunus.Tests.Shared", "Portunus.Tests\Portunus.Tests.Shared\Portunus.Tests.Shared.csproj", "{82A559E1-9A23-44CE-84C2-CB2F126FE138}"
EndProject
Global
	GlobalSection(SolutionConfigurationPlatforms) = preSolution
		Debug|Any CPU = Debug|Any CPU
		Release|Any CPU = Release|Any CPU
	EndGlobalSection
	GlobalSection(ProjectConfigurationPlatforms) = postSolution
		{2131C8B0-0F5D-4A2F-B9AE-16B503DB99FC}.Debug|Any CPU.ActiveCfg = Debug|Any CPU
		{2131C8B0-0F5D-4A2F-B9AE-16B503DB99FC}.Debug|Any CPU.Build.0 = Debug|Any CPU
		{2131C8B0-0F5D-4A2F-B9AE-16B503DB99FC}.Release|Any CPU.ActiveCfg = Release|Any CPU
		{2131C8B0-0F5D-4A2F-B9AE-16B503DB99FC}.Release|Any CPU.Build.0 = Release|Any CPU
		{E079BF09-BC08-4E65-9429-99459E8AD4F6}.Debug|Any CPU.ActiveCfg = Debug|Any CPU
		{E079BF09-BC08-4E65-9429-99459E8AD4F6}.Debug|Any CPU.Build.0 = Debug|Any CPU
		{E079BF09-BC08-4E65-9429-99459E8AD4F6}.Release|Any CPU.ActiveCfg = Release|Any CPU
		{E079BF09-BC08-4E65-9429-99459E8AD4F6}.Release|Any CPU.Build.0 = Release|Any CPU
		{92831135-1815-42F5-A810-353590D0B9C4}.Debug|Any CPU.ActiveCfg = Debug|Any CPU
		{92831135-1815-42F5-A810-353590D0B9C4}.Debug|Any CPU.Build.0 = Debug|Any CPU
		{92831135-1815-42F5-A810-353590D0B9C4}.Release|Any CPU.ActiveCfg = Release|Any CPU
		{92831135-1815-42F5-A810-353590D0B9C4}.Release|Any CPU.Build.0 = Release|Any CPU
		{4F2464A8-1D7D-451A-AE59-BA58990ECF43}.Debug|Any CPU.ActiveCfg = Debug|Any CPU
		{4F2464A8-1D7D-451A-AE59-BA58990ECF43}.Debug|Any CPU.Build.0 = Debug|Any CPU
		{4F2464A8-1D7D-451A-AE59-BA58990ECF43}.Release|Any CPU.ActiveCfg = Release|Any CPU
		{4F2464A8-1D7D-451A-AE59-BA58990ECF43}.Release|Any CPU.Build.0 = Release|Any CPU
		{50C99279-5F12-484C-9E93-13EDBF124BB2}.Debug|Any CPU.ActiveCfg = Debug|Any CPU
		{50C99279-5F12-484C-9E93-13EDBF124BB2}.Debug|Any CPU.Build.0 = Debug|Any CPU
		{50C99279-5F12-484C-9E93-13EDBF124BB2}.Release|Any CPU.ActiveCfg = Release|Any CPU
		{50C99279-5F12-484C-9E93-13EDBF124BB2}.Release|Any CPU.Build.0 = Release|Any CPU
		{679CC90F-8FE1-4B71-A22C-4E8318A7CF31}.Debug|Any CPU.ActiveCfg = Debug|Any CPU
		{679CC90F-8FE1-4B71-A22C-4E8318A7CF31}.Debug|Any CPU.Build.0 = Debug|Any CPU
		{679CC90F-8FE1-4B71-A22C-4E8318A7CF31}.Release|Any CPU.ActiveCfg = Release|Any CPU
		{679CC90F-8FE1-4B71-A22C-4E8318A7CF31}.Release|Any CPU.Build.0 = Release|Any CPU
		{423352B9-CB30-4E8E-8315-343343ADC19E}.Debug|Any CPU.ActiveCfg = Debug|Any CPU
		{423352B9-CB30-4E8E-8315-343343ADC19E}.Debug|Any CPU.Build.0 = Debug|Any CPU
		{423352B9-CB30-4E8E-8315-343343ADC19E}.Release|Any CPU.ActiveCfg = Release|Any CPU
		{423352B9-CB30-4E8E-8315-343343ADC19E}.Release|Any CPU.Build.0 = Release|Any CPU
		{C64E71AD-744F-410D-9CA5-1DE95262B8E5}.Debug|Any CPU.ActiveCfg = Debug|Any CPU
		{C64E71AD-744F-410D-9CA5-1DE95262B8E5}.Debug|Any CPU.Build.0 = Debug|Any CPU
		{C64E71AD-744F-410D-9CA5-1DE95262B8E5}.Release|Any CPU.ActiveCfg = Release|Any CPU
		{C64E71AD-744F-410D-9CA5-1DE95262B8E5}.Release|Any CPU.Build.0 = Release|Any CPU
		{82A559E1-9A23-44CE-84C2-CB2F126FE138}.Debug|Any CPU.ActiveCfg = Debug|Any CPU
		{82A559E1-9A23-44CE-84C2-CB2F126FE138}.Debug|Any CPU.Build.0 = Debug|Any CPU
		{82A559E1-9A23-44CE-84C2-CB2F126FE138}.Release|Any CPU.ActiveCfg = Release|Any CPU
		{82A559E1-9A23-44CE-84C2-CB2F126FE138}.Release|Any CPU.Build.0 = Release|Any CPU
	EndGlobalSection
	GlobalSection(SolutionProperties) = preSolution
		HideSolutionNode = FALSE
	EndGlobalSection
	GlobalSection(NestedProjects) = preSolution
		{679CC90F-8FE1-4B71-A22C-4E8318A7CF31} = {48DE016F-1C8A-4901-AA1D-39043655D280}
		{423352B9-CB30-4E8E-8315-343343ADC19E} = {48DE016F-1C8A-4901-AA1D-39043655D280}
		{C64E71AD-744F-410D-9CA5-1DE95262B8E5} = {48DE016F-1C8A-4901-AA1D-39043655D280}
		{82A559E1-9A23-44CE-84C2-CB2F126FE138} = {48DE016F-1C8A-4901-AA1D-39043655D280}
	EndGlobalSection
	GlobalSection(ExtensibilityGlobals) = postSolution
		SolutionGuid = {43F4E9E7-E9DB-44ED-BC13-79A201629A7D}
	EndGlobalSection
EndGlobal
